Microsoft Visual Studio Solution File, Format Version 11.00
# Visual Studio 2008

Project("{0267C894-F201-0D54-4EC8-ED2D4DC81B58}") = "DemoA", "Assembly-CSharp.csproj", "{34E56E09-9E0A-BB9B-9F1A-AA42BD3F977B}"
EndProject
Project("{0267C894-F201-0D54-4EC8-ED2D4DC81B58}") = "DemoA", "Assembly-CSharp-Editor.csproj", "{C1E96340-D6D8-19B7-6D06-F5186C53478C}"
EndProject
Global
	GlobalSection(SolutionConfigurationPlatforms) = preSolution
		Debug|Any CPU = Debug|Any CPU
		Release|Any CPU = Release|Any CPU
	EndGlobalSection
	GlobalSection(ProjectConfigurationPlatforms) = postSolution
		{34E56E09-9E0A-BB9B-9F1A-AA42BD3F977B}.Debug|Any CPU.ActiveCfg = Debug|Any CPU
		{34E56E09-9E0A-BB9B-9F1A-AA42BD3F977B}.Debug|Any CPU.Build.0 = Debug|Any CPU
		{34E56E09-9E0A-BB9B-9F1A-AA42BD3F977B}.Release|Any CPU.ActiveCfg = Release|Any CPU
		{34E56E09-9E0A-BB9B-9F1A-AA42BD3F977B}.Release|Any CPU.Build.0 = Release|Any CPU
		{C1E96340-D6D8-19B7-6D06-F5186C53478C}.Debug|Any CPU.ActiveCfg = Debug|Any CPU
		{C1E96340-D6D8-19B7-6D06-F5186C53478C}.Debug|Any CPU.Build.0 = Debug|Any CPU
		{C1E96340-D6D8-19B7-6D06-F5186C53478C}.Release|Any CPU.ActiveCfg = Release|Any CPU
		{C1E96340-D6D8-19B7-6D06-F5186C53478C}.Release|Any CPU.Build.0 = Release|Any CPU
	EndGlobalSection
	GlobalSection(SolutionProperties) = preSolution
		HideSolutionNode = FALSE
	EndGlobalSection
																																																																													GlobalSection(MonoDevelopProperties) = preSolution
		StartupItem = Assembly-CSharp.csproj
		Policies = $0
		$0.TextStylePolicy = $1
		$1.inheritsSet = null
		$1.scope = text/x-csharp
		$0.CSharpFormattingPolicy = $2
		$2.inheritsSet = Mono
		$2.inheritsScope = text/x-csharp
		$2.scope = text/x-csharp
		$0.TextStylePolicy = $3
		$3.FileWidth = 120
		$3.TabWidth = 4
		$3.IndentWidth = 4
		$3.EolMarker = Unix
		$3.inheritsSet = Mono
		$3.inheritsScope = text/plain
		$3.scope = text/plain
	EndGlobalSection

EndGlobal
